
Microsoft Visual Studio Solution File, Format Version 12.00
Project("{FAE04EC0-301F-11D3-BF4B-00C04F79EFBC}") = "Sample01", "Sample01\Sample01.csproj", "{43C0D38D-F6D3-4FA2-9DFD-93A9733B061A}"
EndProject
Global
	GlobalSection(SolutionConfigurationPlatforms) = preSolution
		Debug|Any CPU = Debug|Any CPU
		Release|Any CPU = Release|Any CPU
	EndGlobalSection
	GlobalSection(ProjectConfigurationPlatforms) = postSolution
		{43C0D38D-F6D3-4FA2-9DFD-93A9733B061A}.Debug|Any CPU.ActiveCfg = Debug|Any CPU
		{43C0D38D-F6D3-4FA2-9DFD-93A9733B061A}.Debug|Any CPU.Build.0 = Debug|Any CPU
		{43C0D38D-F6D3-4FA2-9DFD-93A9733B061A}.Release|Any CPU.ActiveCfg = Release|Any CPU
		{43C0D38D-F6D3-4FA2-9DFD-93A9733B061A}.Release|Any CPU.Build.0 = Release|Any CPU
	EndGlobalSection
EndGlobal
